
Microsoft Visual Studio Solution File, Format Version 12.00
# Visual Studio Version 17
VisualStudioVersion = 17.2.32630.192
MinimumVisualStudioVersion = 10.0.40219.1
Project("{FAE04EC0-301F-11D3-BF4B-00C04F79EFBC}") = "CSharp_Demo", "CSharp_Demo.csproj", "{D944753B-B9C9-49D3-9553-BEDBB406DD58}"
EndProject
Global
	GlobalSection(SolutionConfigurationPlatforms) = preSolution
		Debug|Any CPU = Debug|Any CPU
		Release|Any CPU = Release|Any CPU
	EndGlobalSection
	GlobalSection(ProjectConfigurationPlatforms) = postSolution
		{D944753B-B9C9-49D3-9553-BEDBB406DD58}.Debug|Any CPU.ActiveCfg = Debug|Any CPU
		{D944753B-B9C9-49D3-9553-BEDBB406DD58}.Debug|Any CPU.Build.0 = Debug|Any CPU
		{D944753B-B9C9-49D3-9553-BEDBB406DD58}.Release|Any CPU.ActiveCfg = Release|Any CPU
		{D944753B-B9C9-49D3-9553-BEDBB406DD58}.Release|Any CPU.Build.0 = Release|Any CPU
	EndGlobalSection
	GlobalSection(SolutionProperties) = preSolution
		HideSolutionNode = FALSE
	EndGlobalSection
	GlobalSection(ExtensibilityGlobals) = postSolution
		SolutionGuid = {9308E853-DA7F-4444-951C-328565611A6B}
	EndGlobalSection
EndGlobal
